// !$*UTF8*$!
{
	archiveVersion = 1;
	classes = {
	};
	objectVersion = 46;
	objects = {

/* Begin PBXBuildFile section */
		7DF9666D177C7E4500F381FA /* Foundation.framework in Frameworks */ = {isa = PBXBuildFile; fileRef = 7DF9666C177C7E4500F381FA /* Foundation.framework */; };
		7DF9666F177C7E4500F381FA /* CoreGraphics.framework in Frameworks */ = {isa = PBXBuildFile; fileRef = 7DF9666E177C7E4500F381FA /* CoreGraphics.framework */; };
		7DF96671177C7E4500F381FA /* UIKit.framework in Frameworks */ = {isa = PBXBuildFile; fileRef = 7DF96670177C7E4500F381FA /* UIKit.framework */; };
		7DF96677177C7E4500F381FA /* InfoPlist.strings in Resources */ = {isa = PBXBuildFile; fileRef = 7DF96675177C7E4500F381FA /* InfoPlist.strings */; };
		7DF96679177C7E4500F381FA /* main.m in Sources */ = {isa = PBXBuildFile; fileRef = 7DF96678177C7E4500F381FA /* main.m */; };
		7DF9667D177C7E4500F381FA /* AppDelegate.m in Sources */ = {isa = PBXBuildFile; fileRef = 7DF9667C177C7E4500F381FA /* AppDelegate.m */; };
		7DF96680177C7E4500F381FA /* Main.storyboard in Resources */ = {isa = PBXBuildFile; fileRef = 7DF9667E177C7E4500F381FA /* Main.storyboard */; };
		7DF96683177C7E4500F381FA /* ViewController.m in Sources */ = {isa = PBXBuildFile; fileRef = 7DF96682177C7E4500F381FA /* ViewController.m */; };
		7DF96685177C7E4500F381FA /* Images.xcassets in Resources */ = {isa = PBXBuildFile; fileRef = 7DF96684177C7E4500F381FA /* Images.xcassets */; };
		7DF9668C177C7E4500F381FA /* XCTest.framework in Frameworks */ = {isa = PBXBuildFile; fileRef = 7DF9668B177C7E4500F381FA /* XCTest.framework */; };
		7DF9668D177C7E4500F381FA /* Foundation.framework in Frameworks */ = {isa = PBXBuildFile; fileRef = 7DF9666C177C7E4500F381FA /* Foundation.framework */; };
		7DF9668E177C7E4500F381FA /* UIKit.framework in Frameworks */ = {isa = PBXBuildFile; fileRef = 7DF96670177C7E4500F381FA /* UIKit.framework */; };
		7DF96696177C7E4500F381FA /* InfoPlist.strings in Resources */ = {isa = PBXBuildFile; fileRef = 7DF96694177C7E4500F381FA /* InfoPlist.strings */; };
		7DF96698177C7E4500F381FA /* TicTacToeTests.m in Sources */ = {isa = PBXBuildFile; fileRef = 7DF96697177C7E4500F381FA /* TicTacToeTests.m */; };
/* End PBXBuildFile section */

/* Begin PBXContainerItemProxy section */
		7DF9668F177C7E4500F381FA /* PBXContainerItemProxy */ = {
			isa = PBXContainerItemProxy;
			containerPortal = 7DF96661177C7E4500F381FA /* Project object */;
			proxyType = 1;
			remoteGlobalIDString = 7DF96668177C7E4500F381FA;
			remoteInfo = TicTacToe;
		};
/* End PBXContainerItemProxy section */

/* Begin PBXFileReference section */
		7DF96669177C7E4500F381FA /* TicTacToe.app */ = {isa = PBXFileReference; explicitFileType = wrapper.application; includeInIndex = 0; path = TicTacToe.app; sourceTree = BUILT_PRODUCTS_DIR; };
		7DF9666C177C7E4500F381FA /* Foundation.framework */ = {isa = PBXFileReference; lastKnownFileType = wrapper.framework; name = Foundation.framework; path = System/Library/Frameworks/Foundation.framework; sourceTree = SDKROOT; };
		7DF9666E177C7E4500F381FA /* CoreGraphics.framework */ = {isa = PBXFileReference; lastKnownFileType = wrapper.framework; name = CoreGraphics.framework; path = System/Library/Frameworks/CoreGraphics.framework; sourceTree = SDKROOT; };
		7DF96670177C7E4500F381FA /* UIKit.framework */ = {isa = PBXFileReference; lastKnownFileType = wrapper.framework; name = UIKit.framework; path = System/Library/Frameworks/UIKit.framework; sourceTree = SDKROOT; };
		7DF96674177C7E4500F381FA /* TicTacToe-Info.plist */ = {isa = PBXFileReference; lastKnownFileType = text.plist.xml; path = "TicTacToe-Info.plist"; sourceTree = "<group>"; };
		7DF96676177C7E4500F381FA /* en */ = {isa = PBXFileReference; lastKnownFileType = text.plist.strings; name = en; path = en.lproj/InfoPlist.strings; sourceTree = "<group>"; };
		7DF96678177C7E4500F381FA /* main.m */ = {isa = PBXFileReference; lastKnownFileType = sourcecode.c.objc; path = main.m; sourceTree = "<group>"; };
		7DF9667A177C7E4500F381FA /* TicTacToe-Prefix.pch */ = {isa = PBXFileReference; lastKnownFileType = sourcecode.c.h; path = "TicTacToe-Prefix.pch"; sourceTree = "<group>"; };
		7DF9667B177C7E4500F381FA /* AppDelegate.h */ = {isa = PBXFileReference; lastKnownFileType = sourcecode.c.h; path = AppDelegate.h; sourceTree = "<group>"; };
		7DF9667C177C7E4500F381FA /* AppDelegate.m */ = {isa = PBXFileReference; lastKnownFileType = sourcecode.c.objc; path = AppDelegate.m; sourceTree = "<group>"; };
		7DF9667F177C7E4500F381FA /* Base */ = {isa = PBXFileReference; lastKnownFileType = file.storyboard; name = Base; path = Base.lproj/Main.storyboard; sourceTree = "<group>"; };
		7DF96681177C7E4500F381FA /* ViewController.h */ = {isa = PBXFileReference; lastKnownFileType = sourcecode.c.h; path = ViewController.h; sourceTree = "<group>"; };
		7DF96682177C7E4500F381FA /* ViewController.m */ = {isa = PBXFileReference; lastKnownFileType = sourcecode.c.objc; path = ViewController.m; sourceTree = "<group>"; };
		7DF96684177C7E4500F381FA /* Images.xcassets */ = {isa = PBXFileReference; lastKnownFileType = folder.assetcatalog; path = Images.xcassets; sourceTree = "<group>"; };
		7DF9668A177C7E4500F381FA /* TicTacToeTests.xctest */ = {isa = PBXFileReference; explicitFileType = wrapper.cfbundle; includeInIndex = 0; path = TicTacToeTests.xctest; sourceTree = BUILT_PRODUCTS_DIR; };
		7DF9668B177C7E4500F381FA /* XCTest.framework */ = {isa = PBXFileReference; lastKnownFileType = wrapper.framework; name = XCTest.framework; path = Library/Frameworks/XCTest.framework; sourceTree = DEVELOPER_DIR; };
		7DF96693177C7E4500F381FA /* TicTacToeTests-Info.plist */ = {isa = PBXFileReference; lastKnownFileType = text.plist.xml; path = "TicTacToeTests-Info.plist"; sourceTree = "<group>"; };
		7DF96695177C7E4500F381FA /* en */ = {isa = PBXFileReference; lastKnownFileType = text.plist.strings; name = en; path = en.lproj/InfoPlist.strings; sourceTree = "<group>"; };
		7DF96697177C7E4500F381FA /* TicTacToeTests.m */ = {isa = PBXFileReference; lastKnownFileType = sourcecode.c.objc; path = TicTacToeTests.m; sourceTree = "<group>"; };
/* End PBXFileReference section */

/* Begin PBXFrameworksBuildPhase section */
		7DF96666177C7E4500F381FA /* Frameworks */ = {
			isa = PBXFrameworksBuildPhase;
			buildActionMask = 2147483647;
			files = (
				7DF9666F177C7E4500F381FA /* CoreGraphics.framework in Frameworks */,
				7DF96671177C7E4500F381FA /* UIKit.framework in Frameworks */,
				7DF9666D177C7E4500F381FA /* Foundation.framework in Frameworks */,
			);
			runOnlyForDeploymentPostprocessing = 0;
		};
		7DF96687177C7E4500F381FA /* Frameworks */ = {
			isa = PBXFrameworksBuildPhase;
			buildActionMask = 2147483647;
			files = (
				7DF9668C177C7E4500F381FA /* XCTest.framework in Frameworks */,
				7DF9668E177C7E4500F381FA /* UIKit.framework in Frameworks */,
				7DF9668D177C7E4500F381FA /* Foundation.framework in Frameworks */,
			);
			runOnlyForDeploymentPostprocessing = 0;
		};
/* End PBXFrameworksBuildPhase section */

/* Begin PBXGroup section */
		7DF96660177C7E4500F381FA = {
			isa = PBXGroup;
			children = (
				7DF96672177C7E4500F381FA /* TicTacToe */,
				7DF96691177C7E4500F381FA /* TicTacToeTests */,
				7DF9666B177C7E4500F381FA /* Frameworks */,
				7DF9666A177C7E4500F381FA /* Products */,
			);
			sourceTree = "<group>";
		};
		7DF9666A177C7E4500F381FA /* Products */ = {
			isa = PBXGroup;
			children = (
				7DF96669177C7E4500F381FA /* TicTacToe.app */,
				7DF9668A177C7E4500F381FA /* TicTacToeTests.xctest */,
			);
			name = Products;
			sourceTree = "<group>";
		};
		7DF9666B177C7E4500F381FA /* Frameworks */ = {
			isa = PBXGroup;
			children = (
				7DF9666C177C7E4500F381FA /* Foundation.framework */,
				7DF9666E177C7E4500F381FA /* CoreGraphics.framework */,
				7DF96670177C7E4500F381FA /* UIKit.framework */,
				7DF9668B177C7E4500F381FA /* XCTest.framework */,
			);
			name = Frameworks;
			sourceTree = "<group>";
		};
		7DF96672177C7E4500F381FA /* TicTacToe */ = {
			isa = PBXGroup;
			children = (
				7DF9667B177C7E4500F381FA /* AppDelegate.h */,
				7DF9667C177C7E4500F381FA /* AppDelegate.m */,
				7DF9667E177C7E4500F381FA /* Main.storyboard */,
				7DF96681177C7E4500F381FA /* ViewController.h */,
				7DF96682177C7E4500F381FA /* ViewController.m */,
				7DF96684177C7E4500F381FA /* Images.xcassets */,
				7DF96673177C7E4500F381FA /* Supporting Files */,
			);
			path = TicTacToe;
			sourceTree = "<group>";
		};
		7DF96673177C7E4500F381FA /* Supporting Files */ = {
			isa = PBXGroup;
			children = (
				7DF96674177C7E4500F381FA /* TicTacToe-Info.plist */,
				7DF96675177C7E4500F381FA /* InfoPlist.strings */,
				7DF96678177C7E4500F381FA /* main.m */,
				7DF9667A177C7E4500F381FA /* TicTacToe-Prefix.pch */,
			);
			name = "Supporting Files";
			sourceTree = "<group>";
		};
		7DF96691177C7E4500F381FA /* TicTacToeTests */ = {
			isa = PBXGroup;
			children = (
				7DF96697177C7E4500F381FA /* TicTacToeTests.m */,
				7DF96692177C7E4500F381FA /* Supporting Files */,
			);
			path = TicTacToeTests;
			sourceTree = "<group>";
		};
		7DF96692177C7E4500F381FA /* Supporting Files */ = {
			isa = PBXGroup;
			children = (
				7DF96693177C7E4500F381FA /* TicTacToeTests-Info.plist */,
				7DF96694177C7E4500F381FA /* InfoPlist.strings */,
			);
			name = "Supporting Files";
			sourceTree = "<group>";
		};
/* End PBXGroup section */

/* Begin PBXNativeTarget section */
		7DF96668177C7E4500F381FA /* TicTacToe */ = {
			isa = PBXNativeTarget;
			buildConfigurationList = 7DF9669B177C7E4500F381FA /* Build configuration list for PBXNativeTarget "TicTacToe" */;
			buildPhases = (
				7DF96665177C7E4500F381FA /* Sources */,
				7DF96666177C7E4500F381FA /* Frameworks */,
				7DF96667177C7E4500F381FA /* Resources */,
			);
			buildRules = (
			);
			dependencies = (
			);
			name = TicTacToe;
			productName = TicTacToe;
			productReference = 7DF96669177C7E4500F381FA /* TicTacToe.app */;
			productType = "com.apple.product-type.application";
		};
		7DF96689177C7E4500F381FA /* TicTacToeTests */ = {
			isa = PBXNativeTarget;
			buildConfigurationList = 7DF9669E177C7E4500F381FA /* Build configuration list for PBXNativeTarget "TicTacToeTests" */;
			buildPhases = (
				7DF96686177C7E4500F381FA /* Sources */,
				7DF96687177C7E4500F381FA /* Frameworks */,
				7DF96688177C7E4500F381FA /* Resources */,
			);
			buildRules = (
			);
			dependencies = (
				7DF96690177C7E4500F381FA /* PBXTargetDependency */,
			);
			name = TicTacToeTests;
			productName = TicTacToeTests;
			productReference = 7DF9668A177C7E4500F381FA /* TicTacToeTests.xctest */;
			productType = "com.apple.product-type.bundle.unit-test";
		};
/* End PBXNativeTarget section */

/* Begin PBXProject section */
		7DF96661177C7E4500F381FA /* Project object */ = {
			isa = PBXProject;
			attributes = {
				LastUpgradeCheck = 0500;
				ORGANIZATIONNAME = "Jack Wong";
				TargetAttributes = {
					7DF96689177C7E4500F381FA = {
						TestTargetID = 7DF96668177C7E4500F381FA;
					};
				};
			};
			buildConfigurationList = 7DF96664177C7E4500F381FA /* Build configuration list for PBXProject "TicTacToe" */;
			compatibilityVersion = "Xcode 3.2";
			developmentRegion = English;
			hasScannedForEncodings = 0;
			knownRegions = (
				en,
				Base,
			);
			mainGroup = 7DF96660177C7E4500F381FA;
			productRefGroup = 7DF9666A177C7E4500F381FA /* Products */;
			projectDirPath = "";
			projectRoot = "";
			targets = (
				7DF96668177C7E4500F381FA /* TicTacToe */,
				7DF96689177C7E4500F381FA /* TicTacToeTests */,
			);
		};
/* End PBXProject section */

/* Begin PBXResourcesBuildPhase section */
		7DF96667177C7E4500F381FA /* Resources */ = {
			isa = PBXResourcesBuildPhase;
			buildActionMask = 2147483647;
			files = (
				7DF96685177C7E4500F381FA /* Images.xcassets in Resources */,
				7DF96677177C7E4500F381FA /* InfoPlist.strings in Resources */,
				7DF96680177C7E4500F381FA /* Main.storyboard in Resources */,
			);
			runOnlyForDeploymentPostprocessing = 0;
		};
		7DF96688177C7E4500F381FA /* Resources */ = {
			isa = PBXResourcesBuildPhase;
			buildActionMask = 2147483647;
			files = (
				7DF96696177C7E4500F381FA /* InfoPlist.strings in Resources */,
			);
			runOnlyForDeploymentPostprocessing = 0;
		};
/* End PBXResourcesBuildPhase section */

/* Begin PBXSourcesBuildPhase section */
		7DF96665177C7E4500F381FA /* Sources */ = {
			isa = PBXSourcesBuildPhase;
			buildActionMask = 2147483647;
			files = (
				7DF96683177C7E4500F381FA /* ViewController.m in Sources */,
				7DF9667D177C7E4500F381FA /* AppDelegate.m in Sources */,
				7DF96679177C7E4500F381FA /* main.m in Sources */,
			);
			runOnlyForDeploymentPostprocessing = 0;
		};
		7DF96686177C7E4500F381FA /* Sources */ = {
			isa = PBXSourcesBuildPhase;
			buildActionMask = 2147483647;
			files = (
				7DF96698177C7E4500F381FA /* TicTacToeTests.m in Sources */,
			);
			runOnlyForDeploymentPostprocessing = 0;
		};
/* End PBXSourcesBuildPhase section */

/* Begin PBXTargetDependency section */
		7DF96690177C7E4500F381FA /* PBXTargetDependency */ = {
			isa = PBXTargetDependency;
			target = 7DF96668177C7E4500F381FA /* TicTacToe */;
			targetProxy = 7DF9668F177C7E4500F381FA /* PBXContainerItemProxy */;
		};
/* End PBXTargetDependency section */

/* Begin PBXVariantGroup section */
		7DF96675177C7E4500F381FA /* InfoPlist.strings */ = {
			isa = PBXVariantGroup;
			children = (
				7DF96676177C7E4500F381FA /* en */,
			);
			name = InfoPlist.strings;
			sourceTree = "<group>";
		};
		7DF9667E177C7E4500F381FA /* Main.storyboard */ = {
			isa = PBXVariantGroup;
			children = (
				7DF9667F177C7E4500F381FA /* Base */,
			);
			name = Main.storyboard;
			sourceTree = "<group>";
		};
		7DF96694177C7E4500F381FA /* InfoPlist.strings */ = {
			isa = PBXVariantGroup;
			children = (
				7DF96695177C7E4500F381FA /* en */,
			);
			name = InfoPlist.strings;
			sourceTree = "<group>";
		};
/* End PBXVariantGroup section */

/* Begin XCBuildConfiguration section */
		7DF96699177C7E4500F381FA /* Debug */ = {
			isa = XCBuildConfiguration;
			buildSettings = {
				ALWAYS_SEARCH_USER_PATHS = NO;
				CLANG_CXX_LANGUAGE_STANDARD = "gnu++0x";
				CLANG_CXX_LIBRARY = "libc++";
				CLANG_ENABLE_MODULES = YES;
				CLANG_ENABLE_OBJC_ARC = YES;
				CLANG_WARN_BOOL_CONVERSION = YES;
				CLANG_WARN_CONSTANT_CONVERSION = YES;
				CLANG_WARN_DIRECT_OBJC_ISA_USAGE = YES_ERROR;
				CLANG_WARN_EMPTY_BODY = YES;
				CLANG_WARN_ENUM_CONVERSION = YES;
				CLANG_WARN_INT_CONVERSION = YES;
				CLANG_WARN_OBJC_ROOT_CLASS = YES_ERROR;
				CLANG_WARN__DUPLICATE_METHOD_MATCH = YES;
				"CODE_SIGN_IDENTITY[sdk=iphoneos*]" = "iPhone Developer";
				COPY_PHASE_STRIP = NO;
				GCC_C_LANGUAGE_STANDARD = gnu99;
				GCC_DYNAMIC_NO_PIC = NO;
				GCC_OPTIMIZATION_LEVEL = 0;
				GCC_PREPROCESSOR_DEFINITIONS = (
					"DEBUG=1",
					"$(inherited)",
				);
				GCC_SYMBOLS_PRIVATE_EXTERN = NO;
				GCC_WARN_ABOUT_RETURN_TYPE = YES_ERROR;
				GCC_WARN_UNDECLARED_SELECTOR = YES;
				GCC_WARN_UNINITIALIZED_AUTOS = YES;
				GCC_WARN_UNUSED_FUNCTION = YES;
				GCC_WARN_UNUSED_VARIABLE = YES;
				IPHONEOS_DEPLOYMENT_TARGET = 7.0;
				ONLY_ACTIVE_ARCH = YES;
				SDKROOT = iphoneos;
			};
			name = Debug;
		};
		7DF9669A177C7E4500F381FA /* Release */ = {
			isa = XCBuildConfiguration;
			buildSettings = {
				ALWAYS_SEARCH_USER_PATHS = NO;
				CLANG_CXX_LANGUAGE_STANDARD = "gnu++0x";
				CLANG_CXX_LIBRARY = "libc++";
				CLANG_ENABLE_MODULES = YES;
				CLANG_ENABLE_OBJC_ARC = YES;
				CLANG_WARN_BOOL_CONVERSION = YES;
				CLANG_WARN_CONSTANT_CONVERSION = YES;
				CLANG_WARN_DIRECT_OBJC_ISA_USAGE = YES_ERROR;
				CLANG_WARN_EMPTY_BODY = YES;
				CLANG_WARN_ENUM_CONVERSION = YES;
				CLANG_WARN_INT_CONVERSION = YES;
				CLANG_WARN_OBJC_ROOT_CLASS = YES_ERROR;
				CLANG_WARN__DUPLICATE_METHOD_MATCH = YES;
				"CODE_SIGN_IDENTITY[sdk=iphoneos*]" = "iPhone Developer";
				COPY_PHASE_STRIP = YES;
				ENABLE_NS_ASSERTIONS = NO;
				GCC_C_LANGUAGE_STANDARD = gnu99;
				GCC_WARN_ABOUT_RETURN_TYPE = YES_ERROR;
				GCC_WARN_UNDECLARED_SELECTOR = YES;
				GCC_WARN_UNINITIALIZED_AUTOS = YES;
				GCC_WARN_UNUSED_FUNCTION = YES;
				GCC_WARN_UNUSED_VARIABLE = YES;
				IPHONEOS_DEPLOYMENT_TARGET = 7.0;
				SDKROOT = iphoneos;
				VALIDATE_PRODUCT = YES;
			};
			name = Release;
		};
		7DF9669C177C7E4500F381FA /* Debug */ = {
			isa = XCBuildConfiguration;
			buildSettings = {
				ASSETCATALOG_COMPILER_APPICON_NAME = AppIcon;
				ASSETCATALOG_COMPILER_LAUNCHIMAGE_NAME = LaunchImage;
				GCC_PRECOMPILE_PREFIX_HEADER = YES;
				GCC_PREFIX_HEADER = "TicTacToe/TicTacToe-Prefix.pch";
				INFOPLIST_FILE = "TicTacToe/TicTacToe-Info.plist";
				PRODUCT_NAME = "$(TARGET_NAME)";
				WRAPPER_EXTENSION = app;
			};
			name = Debug;
		};
		7DF9669D177C7E4500F381FA /* Release */ = {
			isa = XCBuildConfiguration;
			buildSettings = {
				ASSETCATALOG_COMPILER_APPICON_NAME = AppIcon;
				ASSETCATALOG_COMPILER_LAUNCHIMAGE_NAME = LaunchImage;
				GCC_PRECOMPILE_PREFIX_HEADER = YES;
				GCC_PREFIX_HEADER = "TicTacToe/TicTacToe-Prefix.pch";
				INFOPLIST_FILE = "TicTacToe/TicTacToe-Info.plist";
				PRODUCT_NAME = "$(TARGET_NAME)";
				WRAPPER_EXTENSION = app;
			};
			name = Release;
		};
		7DF9669F177C7E4500F381FA /* Debug */ = {
			isa = XCBuildConfiguration;
			buildSettings = {
				BUNDLE_LOADER = "$(BUILT_PRODUCTS_DIR)/TicTacToe.app/TicTacToe";
				FRAMEWORK_SEARCH_PATHS = (
					"$(SDKROOT)/Developer/Library/Frameworks",
					"$(inherited)",
					"$(SYSTEM_APPS_DIR)/Xcode5-DP.app/Contents/Developer/Library/Frameworks",
				);
				GCC_PRECOMPILE_PREFIX_HEADER = YES;
				GCC_PREFIX_HEADER = "TicTacToe/TicTacToe-Prefix.pch";
				GCC_PREPROCESSOR_DEFINITIONS = (
					"DEBUG=1",
					"$(inherited)",
				);
				INFOPLIST_FILE = "TicTacToeTests/TicTacToeTests-Info.plist";
				PRODUCT_NAME = "$(TARGET_NAME)";
				TEST_HOST = "$(BUNDLE_LOADER)";
				WRAPPER_EXTENSION = xctest;
			};
			name = Debug;
		};
		7DF966A0177C7E4500F381FA /* Release */ = {
			isa = XCBuildConfiguration;
			buildSettings = {
				BUNDLE_LOADER = "$(BUILT_PRODUCTS_DIR)/TicTacToe.app/TicTacToe";
				FRAMEWORK_SEARCH_PATHS = (
					"$(SDKROOT)/Developer/Library/Frameworks",
					"$(inherited)",
					"$(SYSTEM_APPS_DIR)/Xcode5-DP.app/Contents/Developer/Library/Frameworks",
				);
				GCC_PRECOMPILE_PREFIX_HEADER = YES;
				GCC_PREFIX_HEADER = "TicTacToe/TicTacToe-Prefix.pch";
				INFOPLIST_FILE = "TicTacToeTests/TicTacToeTests-Info.plist";
				PRODUCT_NAME = "$(TARGET_NAME)";
				TEST_HOST = "$(BUNDLE_LOADER)";
				WRAPPER_EXTENSION = xctest;
			};
			name = Release;
		};
/* End XCBuildConfiguration section */

/* Begin XCConfigurationList section */
		7DF96664177C7E4500F381FA /* Build configuration list for PBXProject "TicTacToe" */ = {
			isa = XCConfigurationList;
			buildConfigurations = (
				7DF96699177C7E4500F381FA /* Debug */,
				7DF9669A177C7E4500F381FA /* Release */,
			);
			defaultConfigurationIsVisible = 0;
			defaultConfigurationName = Release;
		};
		7DF9669B177C7E4500F381FA /* Build configuration list for PBXNativeTarget "TicTacToe" */ = {
			isa = XCConfigurationList;
			buildConfigurations = (
				7DF9669C177C7E4500F381FA /* Debug */,
				7DF9669D177C7E4500F381FA /* Release */,
			);
			defaultConfigurationIsVisible = 0;
		};
		7DF9669E177C7E4500F381FA /* Build configuration list for PBXNativeTarget "TicTacToeTests" */ = {
			isa = XCConfigurationList;
			buildConfigurations = (
				7DF9669F177C7E4500F381FA /* Debug */,
				7DF966A0177C7E4500F381FA /* Release */,
			);
			defaultConfigurationIsVisible = 0;
		};
/* End XCConfigurationList section */
	};
	rootObject = 7DF96661177C7E4500F381FA /* Project object */;
}
